
Microsoft Visual Studio Solution File, Format Version 12.00
# Visual Studio Version 16
VisualStudioVersion = 16.0.29814.53
MinimumVisualStudioVersion = 10.0.40219.1
Project("{E24C65DC-7377-472B-9ABA-BC803B73C61A}") = "wyatt", "wyatt\", "{821D5D6F-6A2C-4BEE-ABDC-48AA827DD859}"
	ProjectSection(WebsiteProperties) = preProject
		TargetFrameworkMoniker = ".NETFramework,Version%3Dv4.5"
		Debug.AspNetCompiler.VirtualPath = "/localhost_57199"
		Debug.AspNetCompiler.PhysicalPath = "wyatt\"
		Debug.AspNetCompiler.TargetPath = "PrecompiledWeb\localhost_57199\"
		Debug.AspNetCompiler.Updateable = "true"
		Debug.AspNetCompiler.ForceOverwrite = "true"
		Debug.AspNetCompiler.FixedNames = "false"
		Debug.AspNetCompiler.Debug = "True"
		Release.AspNetCompiler.VirtualPath = "/localhost_57199"
		Release.AspNetCompiler.PhysicalPath = "wyatt\"
		Release.AspNetCompiler.TargetPath = "PrecompiledWeb\localhost_57199\"
		Release.AspNetCompiler.Updateable = "true"
		Release.AspNetCompiler.ForceOverwrite = "true"
		Release.AspNetCompiler.FixedNames = "false"
		Release.AspNetCompiler.Debug = "False"
		VWDPort = "57199"
		SlnRelativePath = "wyatt\"
		DefaultWebSiteLanguage = "Visual C#"
	EndProjectSection
EndProject
Project("{9A19103F-16F7-4668-BE54-9A1E7A4F7556}") = "Api", "Api\Api.csproj", "{E734E898-9F71-448A-A5DB-56A101B96B20}"
EndProject
Project("{9A19103F-16F7-4668-BE54-9A1E7A4F7556}") = "Api2", "Api2\Api2.csproj", "{5B056879-A2FB-4E4B-8037-ED6755BC7E57}"
EndProject
Project("{FAE04EC0-301F-11D3-BF4B-00C04F79EFBC}") = "Api_net_framework", "..\Api\Api\Api_net_framework.csproj", "{B4F03AC7-4D68-4EC5-945D-94BD83536571}"
EndProject
Global
	GlobalSection(SolutionConfigurationPlatforms) = preSolution
		Debug|Any CPU = Debug|Any CPU
		Release|Any CPU = Release|Any CPU
	EndGlobalSection
	GlobalSection(ProjectConfigurationPlatforms) = postSolution
		{821D5D6F-6A2C-4BEE-ABDC-48AA827DD859}.Debug|Any CPU.ActiveCfg = Debug|Any CPU
		{821D5D6F-6A2C-4BEE-ABDC-48AA827DD859}.Debug|Any CPU.Build.0 = Debug|Any CPU
		{821D5D6F-6A2C-4BEE-ABDC-48AA827DD859}.Release|Any CPU.ActiveCfg = Debug|Any CPU
		{821D5D6F-6A2C-4BEE-ABDC-48AA827DD859}.Release|Any CPU.Build.0 = Debug|Any CPU
		{E734E898-9F71-448A-A5DB-56A101B96B20}.Debug|Any CPU.ActiveCfg = Debug|Any CPU
		{E734E898-9F71-448A-A5DB-56A101B96B20}.Debug|Any CPU.Build.0 = Debug|Any CPU
		{E734E898-9F71-448A-A5DB-56A101B96B20}.Release|Any CPU.ActiveCfg = Release|Any CPU
		{E734E898-9F71-448A-A5DB-56A101B96B20}.Release|Any CPU.Build.0 = Release|Any CPU
		{5B056879-A2FB-4E4B-8037-ED6755BC7E57}.Debug|Any CPU.ActiveCfg = Debug|Any CPU
		{5B056879-A2FB-4E4B-8037-ED6755BC7E57}.Debug|Any CPU.Build.0 = Debug|Any CPU
		{5B056879-A2FB-4E4B-8037-ED6755BC7E57}.Release|Any CPU.ActiveCfg = Release|Any CPU
		{5B056879-A2FB-4E4B-8037-ED6755BC7E57}.Release|Any CPU.Build.0 = Release|Any CPU
		{B4F03AC7-4D68-4EC5-945D-94BD83536571}.Debug|Any CPU.ActiveCfg = Debug|Any CPU
		{B4F03AC7-4D68-4EC5-945D-94BD83536571}.Debug|Any CPU.Build.0 = Debug|Any CPU
		{B4F03AC7-4D68-4EC5-945D-94BD83536571}.Release|Any CPU.ActiveCfg = Release|Any CPU
		{B4F03AC7-4D68-4EC5-945D-94BD83536571}.Release|Any CPU.Build.0 = Release|Any CPU
	EndGlobalSection
	GlobalSection(SolutionProperties) = preSolution
		HideSolutionNode = FALSE
	EndGlobalSection
	GlobalSection(ExtensibilityGlobals) = postSolution
		SolutionGuid = {EAE222F0-B8E8-409E-96BB-D67A87E8CF3D}
	EndGlobalSection
EndGlobal
